
Microsoft Visual Studio Solution File, Format Version 12.00
# Visual Studio Version 17
VisualStudioVersion = 17.9.34728.123
MinimumVisualStudioVersion = 10.0.40219.1
Project("{FAE04EC0-301F-11D3-BF4B-00C04F79EFBC}") = "AniView", "AniView\AniView.csproj", "{F554D039-1386-4D0B-97E3-AF3023BBE7AB}"
EndProject
Global
	GlobalSection(SolutionConfigurationPlatforms) = preSolution
		Debug|Any CPU = Debug|Any CPU
		Release|Any CPU = Release|Any CPU
	EndGlobalSection
	GlobalSection(ProjectConfigurationPlatforms) = postSolution
		{F554D039-1386-4D0B-97E3-AF3023BBE7AB}.Debug|Any CPU.ActiveCfg = Debug|Any CPU
		{F554D039-1386-4D0B-97E3-AF3023BBE7AB}.Debug|Any CPU.Build.0 = Debug|Any CPU
		{F554D039-1386-4D0B-97E3-AF3023BBE7AB}.Release|Any CPU.ActiveCfg = Release|Any CPU
		{F554D039-1386-4D0B-97E3-AF3023BBE7AB}.Release|Any CPU.Build.0 = Release|Any CPU
	EndGlobalSection
	GlobalSection(SolutionProperties) = preSolution
		HideSolutionNode = FALSE
	EndGlobalSection
	GlobalSection(ExtensibilityGlobals) = postSolution
		SolutionGuid = {06553A07-088A-4F48-9A3A-0AE8C8A78CD7}
	EndGlobalSection
EndGlobal
